
Microsoft Visual Studio Solution File, Format Version 12.00
# Visual Studio Version 16
VisualStudioVersion = 16.0.32228.343
MinimumVisualStudioVersion = 10.0.40219.1
Project("{888888A0-9F3D-457C-B088-3A5042F75D52}") = "LassoRegPython", "LassoRegPython.pyproj", "{3980D3F9-7D03-4FE7-AC93-4580D8CE8816}"
EndProject
Global
	GlobalSection(SolutionConfigurationPlatforms) = preSolution
		Debug|Any CPU = Debug|Any CPU
		Release|Any CPU = Release|Any CPU
	EndGlobalSection
	GlobalSection(ProjectConfigurationPlatforms) = postSolution
		{3980D3F9-7D03-4FE7-AC93-4580D8CE8816}.Debug|Any CPU.ActiveCfg = Debug|Any CPU
		{3980D3F9-7D03-4FE7-AC93-4580D8CE8816}.Release|Any CPU.ActiveCfg = Release|Any CPU
	EndGlobalSection
	GlobalSection(SolutionProperties) = preSolution
		HideSolutionNode = FALSE
	EndGlobalSection
	GlobalSection(ExtensibilityGlobals) = postSolution
		SolutionGuid = {F566DD1E-592F-46E3-99F5-69ADDE049715}
	EndGlobalSection
EndGlobal
