
Microsoft Visual Studio Solution File, Format Version 12.00
# Visual Studio Version 16
VisualStudioVersion = 16.0.32228.343
MinimumVisualStudioVersion = 10.0.40219.1
Project("{888888A0-9F3D-457C-B088-3A5042F75D52}") = "PythonRankedSetSamplingProject", "PythonRankedSetSamplingProject.pyproj", "{71E3AB8D-98FC-4588-A2D4-2BA400160D5A}"
EndProject
Global
	GlobalSection(SolutionConfigurationPlatforms) = preSolution
		Debug|Any CPU = Debug|Any CPU
		Release|Any CPU = Release|Any CPU
	EndGlobalSection
	GlobalSection(ProjectConfigurationPlatforms) = postSolution
		{71E3AB8D-98FC-4588-A2D4-2BA400160D5A}.Debug|Any CPU.ActiveCfg = Debug|Any CPU
		{71E3AB8D-98FC-4588-A2D4-2BA400160D5A}.Release|Any CPU.ActiveCfg = Release|Any CPU
	EndGlobalSection
	GlobalSection(SolutionProperties) = preSolution
		HideSolutionNode = FALSE
	EndGlobalSection
	GlobalSection(ExtensibilityGlobals) = postSolution
		SolutionGuid = {29FBAAC3-BEE4-4C0D-AD8E-2066E5B4947C}
	EndGlobalSection
EndGlobal
