
Microsoft Visual Studio Solution File, Format Version 12.00
# Visual Studio Version 16
VisualStudioVersion = 16.0.32106.194
MinimumVisualStudioVersion = 10.0.40219.1
Project("{FAE04EC0-301F-11D3-BF4B-00C04F79EFBC}") = "Wizards", "Wizards\Wizards.csproj", "{B1E7CE39-1B54-40ED-BE54-93DEEAF3C3C3}"
EndProject
Project("{FAE04EC0-301F-11D3-BF4B-00C04F79EFBC}") = "Controls", "Controls\Controls.csproj", "{7A2D07DB-3686-4FEC-BA8C-5B905ECA1AF0}"
EndProject
Project("{FAE04EC0-301F-11D3-BF4B-00C04F79EFBC}") = "Analyze", "Analysis\Analyze.csproj", "{E4A03508-E0FA-4061-BFC7-D03837888402}"
EndProject
Project("{FAE04EC0-301F-11D3-BF4B-00C04F79EFBC}") = "Global", "POD\Global.csproj", "{F7DB9280-E09A-470D-8FDB-3C97C538A6C1}"
EndProject
Project("{FAE04EC0-301F-11D3-BF4B-00C04F79EFBC}") = "Main", "PODMain\Main.csproj", "{81F8C14D-EE9A-4A93-9186-481357C9FE9D}"
EndProject
Project("{FAE04EC0-301F-11D3-BF4B-00C04F79EFBC}") = "DataFiles", "DataFiles\DataFiles.csproj", "{19E46D8B-070E-4FF4-AC61-0B8CEF65D0F0}"
EndProject
Project("{FAE04EC0-301F-11D3-BF4B-00C04F79EFBC}") = "Help", "Help\Help.csproj", "{D01361D2-679C-4ED8-99F7-B09D23754289}"
EndProject
Project("{FAE04EC0-301F-11D3-BF4B-00C04F79EFBC}") = "Snapshots", "Snapshot\Snapshots.csproj", "{C55984D9-8F82-4D36-97D0-6FEA612D4408}"
EndProject
Project("{FAE04EC0-301F-11D3-BF4B-00C04F79EFBC}") = "Reports", "Reports\Reports.csproj", "{48BA00DF-9237-4883-8489-E803639E4FAF}"
EndProject
Project("{FAE04EC0-301F-11D3-BF4B-00C04F79EFBC}") = "Docks", "Docks\Docks.csproj", "{03A62E1E-31EF-423F-8246-716BE7864932}"
EndProject
Project("{FAE04EC0-301F-11D3-BF4B-00C04F79EFBC}") = "Interfaces", "Interfaces\Interfaces.csproj", "{9174C06C-D4D6-4FA5-B77D-D3CEB3AA3194}"
EndProject
Project("{FAE04EC0-301F-11D3-BF4B-00C04F79EFBC}") = "WizardController", "WizardController\WizardController.csproj", "{556E4A2A-04B9-42C5-8042-689E397293B9}"
EndProject
Project("{F184B08F-C81C-45F6-A57F-5ABD9991F28F}") = "CopyAndPasteDataGridView", "CopyAndPasteDataGridView\CopyAndPasteDataGridView.vbproj", "{0C952727-8262-460B-A7A8-4D0D27391484}"
EndProject
Project("{FAE04EC0-301F-11D3-BF4B-00C04F79EFBC}") = "Data", "Data\Data.csproj", "{BEE41D1E-EBA8-4D3E-B297-4C1CA6FFF8DB}"
EndProject
Project("{FAE04EC0-301F-11D3-BF4B-00C04F79EFBC}") = "Transitions", "Transitions\Transitions.csproj", "{95CDE461-0720-4C3B-B5E1-D188391FB7C0}"
EndProject
Project("{888888A0-9F3D-457C-B088-3A5042F75D52}") = "TestingPythonCode", "TestingPythonCode\TestingPythonCode.pyproj", "{2C89F5B5-F51E-4045-B0BC-78E6080EEE76}"
EndProject
Project("{FAE04EC0-301F-11D3-BF4B-00C04F79EFBC}") = "Forms", "POD v4\Forms.csproj", "{1A3428C3-B49A-4D4F-A507-88144E12C1DA}"
EndProject
Project("{6141683F-8A12-4E36-9623-2EB02B2C2303}") = "POD Install", "POD Install\POD Install.isproj", "{BC36EE74-655C-4CA6-8BC4-D6A8E5305F43}"
	ProjectSection(ProjectDependencies) = postProject
		{1A3428C3-B49A-4D4F-A507-88144E12C1DA} = {1A3428C3-B49A-4D4F-A507-88144E12C1DA}
	EndProjectSection
EndProject
Project("{FAE04EC0-301F-11D3-BF4B-00C04F79EFBC}") = "ExcelData", "ExcelData\ExcelData.csproj", "{678FF9C7-A42A-4AC0-A708-6FC460A27C7D}"
EndProject
Project("{FAE04EC0-301F-11D3-BF4B-00C04F79EFBC}") = "WinFormsUI", "dockpanelsuite-development_3.0\WinFormsUI\WinFormsUI.csproj", "{D23040B2-B914-4879-8041-A62F1F545A94}"
EndProject
Global
	GlobalSection(SolutionConfigurationPlatforms) = preSolution
		CD_ROM|Any CPU = CD_ROM|Any CPU
		Debug|Any CPU = Debug|Any CPU
		DVD-5|Any CPU = DVD-5|Any CPU
		Release|Any CPU = Release|Any CPU
		SingleImage|Any CPU = SingleImage|Any CPU
	EndGlobalSection
	GlobalSection(ProjectConfigurationPlatforms) = postSolution
		{B1E7CE39-1B54-40ED-BE54-93DEEAF3C3C3}.CD_ROM|Any CPU.ActiveCfg = Release|Any CPU
		{B1E7CE39-1B54-40ED-BE54-93DEEAF3C3C3}.CD_ROM|Any CPU.Build.0 = Release|Any CPU
		{B1E7CE39-1B54-40ED-BE54-93DEEAF3C3C3}.Debug|Any CPU.ActiveCfg = Debug|Any CPU
		{B1E7CE39-1B54-40ED-BE54-93DEEAF3C3C3}.Debug|Any CPU.Build.0 = Debug|Any CPU
		{B1E7CE39-1B54-40ED-BE54-93DEEAF3C3C3}.DVD-5|Any CPU.ActiveCfg = Debug|Any CPU
		{B1E7CE39-1B54-40ED-BE54-93DEEAF3C3C3}.DVD-5|Any CPU.Build.0 = Debug|Any CPU
		{B1E7CE39-1B54-40ED-BE54-93DEEAF3C3C3}.Release|Any CPU.ActiveCfg = Release|Any CPU
		{B1E7CE39-1B54-40ED-BE54-93DEEAF3C3C3}.Release|Any CPU.Build.0 = Release|Any CPU
		{B1E7CE39-1B54-40ED-BE54-93DEEAF3C3C3}.SingleImage|Any CPU.ActiveCfg = Release|Any CPU
		{B1E7CE39-1B54-40ED-BE54-93DEEAF3C3C3}.SingleImage|Any CPU.Build.0 = Release|Any CPU
		{7A2D07DB-3686-4FEC-BA8C-5B905ECA1AF0}.CD_ROM|Any CPU.ActiveCfg = Release|Any CPU
		{7A2D07DB-3686-4FEC-BA8C-5B905ECA1AF0}.CD_ROM|Any CPU.Build.0 = Release|Any CPU
		{7A2D07DB-3686-4FEC-BA8C-5B905ECA1AF0}.Debug|Any CPU.ActiveCfg = Debug|Any CPU
		{7A2D07DB-3686-4FEC-BA8C-5B905ECA1AF0}.Debug|Any CPU.Build.0 = Debug|Any CPU
		{7A2D07DB-3686-4FEC-BA8C-5B905ECA1AF0}.DVD-5|Any CPU.ActiveCfg = Debug|Any CPU
		{7A2D07DB-3686-4FEC-BA8C-5B905ECA1AF0}.DVD-5|Any CPU.Build.0 = Debug|Any CPU
		{7A2D07DB-3686-4FEC-BA8C-5B905ECA1AF0}.Release|Any CPU.ActiveCfg = Release|Any CPU
		{7A2D07DB-3686-4FEC-BA8C-5B905ECA1AF0}.Release|Any CPU.Build.0 = Release|Any CPU
		{7A2D07DB-3686-4FEC-BA8C-5B905ECA1AF0}.SingleImage|Any CPU.ActiveCfg = Release|Any CPU
		{7A2D07DB-3686-4FEC-BA8C-5B905ECA1AF0}.SingleImage|Any CPU.Build.0 = Release|Any CPU
		{E4A03508-E0FA-4061-BFC7-D03837888402}.CD_ROM|Any CPU.ActiveCfg = Release|Any CPU
		{E4A03508-E0FA-4061-BFC7-D03837888402}.CD_ROM|Any CPU.Build.0 = Release|Any CPU
		{E4A03508-E0FA-4061-BFC7-D03837888402}.Debug|Any CPU.ActiveCfg = Debug|Any CPU
		{E4A03508-E0FA-4061-BFC7-D03837888402}.Debug|Any CPU.Build.0 = Debug|Any CPU
		{E4A03508-E0FA-4061-BFC7-D03837888402}.DVD-5|Any CPU.ActiveCfg = Debug|Any CPU
		{E4A03508-E0FA-4061-BFC7-D03837888402}.DVD-5|Any CPU.Build.0 = Debug|Any CPU
		{E4A03508-E0FA-4061-BFC7-D03837888402}.Release|Any CPU.ActiveCfg = Release|Any CPU
		{E4A03508-E0FA-4061-BFC7-D03837888402}.Release|Any CPU.Build.0 = Release|Any CPU
		{E4A03508-E0FA-4061-BFC7-D03837888402}.SingleImage|Any CPU.ActiveCfg = Release|Any CPU
		{E4A03508-E0FA-4061-BFC7-D03837888402}.SingleImage|Any CPU.Build.0 = Release|Any CPU
		{F7DB9280-E09A-470D-8FDB-3C97C538A6C1}.CD_ROM|Any CPU.ActiveCfg = Release|Any CPU
		{F7DB9280-E09A-470D-8FDB-3C97C538A6C1}.CD_ROM|Any CPU.Build.0 = Release|Any CPU
		{F7DB9280-E09A-470D-8FDB-3C97C538A6C1}.Debug|Any CPU.ActiveCfg = Debug|Any CPU
		{F7DB9280-E09A-470D-8FDB-3C97C538A6C1}.Debug|Any CPU.Build.0 = Debug|Any CPU
		{F7DB9280-E09A-470D-8FDB-3C97C538A6C1}.DVD-5|Any CPU.ActiveCfg = Debug|Any CPU
		{F7DB9280-E09A-470D-8FDB-3C97C538A6C1}.DVD-5|Any CPU.Build.0 = Debug|Any CPU
		{F7DB9280-E09A-470D-8FDB-3C97C538A6C1}.Release|Any CPU.ActiveCfg = Release|Any CPU
		{F7DB9280-E09A-470D-8FDB-3C97C538A6C1}.Release|Any CPU.Build.0 = Release|Any CPU
		{F7DB9280-E09A-470D-8FDB-3C97C538A6C1}.SingleImage|Any CPU.ActiveCfg = Release|Any CPU
		{F7DB9280-E09A-470D-8FDB-3C97C538A6C1}.SingleImage|Any CPU.Build.0 = Release|Any CPU
		{81F8C14D-EE9A-4A93-9186-481357C9FE9D}.CD_ROM|Any CPU.ActiveCfg = Release|Any CPU
		{81F8C14D-EE9A-4A93-9186-481357C9FE9D}.CD_ROM|Any CPU.Build.0 = Release|Any CPU
		{81F8C14D-EE9A-4A93-9186-481357C9FE9D}.Debug|Any CPU.ActiveCfg = Debug|Any CPU
		{81F8C14D-EE9A-4A93-9186-481357C9FE9D}.Debug|Any CPU.Build.0 = Debug|Any CPU
		{81F8C14D-EE9A-4A93-9186-481357C9FE9D}.DVD-5|Any CPU.ActiveCfg = Debug|Any CPU
		{81F8C14D-EE9A-4A93-9186-481357C9FE9D}.DVD-5|Any CPU.Build.0 = Debug|Any CPU
		{81F8C14D-EE9A-4A93-9186-481357C9FE9D}.Release|Any CPU.ActiveCfg = Release|Any CPU
		{81F8C14D-EE9A-4A93-9186-481357C9FE9D}.Release|Any CPU.Build.0 = Release|Any CPU
		{81F8C14D-EE9A-4A93-9186-481357C9FE9D}.SingleImage|Any CPU.ActiveCfg = Release|Any CPU
		{81F8C14D-EE9A-4A93-9186-481357C9FE9D}.SingleImage|Any CPU.Build.0 = Release|Any CPU
		{19E46D8B-070E-4FF4-AC61-0B8CEF65D0F0}.CD_ROM|Any CPU.ActiveCfg = Release|Any CPU
		{19E46D8B-070E-4FF4-AC61-0B8CEF65D0F0}.CD_ROM|Any CPU.Build.0 = Release|Any CPU
		{19E46D8B-070E-4FF4-AC61-0B8CEF65D0F0}.Debug|Any CPU.ActiveCfg = Debug|Any CPU
		{19E46D8B-070E-4FF4-AC61-0B8CEF65D0F0}.Debug|Any CPU.Build.0 = Debug|Any CPU
		{19E46D8B-070E-4FF4-AC61-0B8CEF65D0F0}.DVD-5|Any CPU.ActiveCfg = Debug|Any CPU
		{19E46D8B-070E-4FF4-AC61-0B8CEF65D0F0}.DVD-5|Any CPU.Build.0 = Debug|Any CPU
		{19E46D8B-070E-4FF4-AC61-0B8CEF65D0F0}.Release|Any CPU.ActiveCfg = Release|Any CPU
		{19E46D8B-070E-4FF4-AC61-0B8CEF65D0F0}.Release|Any CPU.Build.0 = Release|Any CPU
		{19E46D8B-070E-4FF4-AC61-0B8CEF65D0F0}.SingleImage|Any CPU.ActiveCfg = Release|Any CPU
		{19E46D8B-070E-4FF4-AC61-0B8CEF65D0F0}.SingleImage|Any CPU.Build.0 = Release|Any CPU
		{D01361D2-679C-4ED8-99F7-B09D23754289}.CD_ROM|Any CPU.ActiveCfg = Release|Any CPU
		{D01361D2-679C-4ED8-99F7-B09D23754289}.CD_ROM|Any CPU.Build.0 = Release|Any CPU
		{D01361D2-679C-4ED8-99F7-B09D23754289}.Debug|Any CPU.ActiveCfg = Debug|Any CPU
		{D01361D2-679C-4ED8-99F7-B09D23754289}.Debug|Any CPU.Build.0 = Debug|Any CPU
		{D01361D2-679C-4ED8-99F7-B09D23754289}.DVD-5|Any CPU.ActiveCfg = Debug|Any CPU
		{D01361D2-679C-4ED8-99F7-B09D23754289}.DVD-5|Any CPU.Build.0 = Debug|Any CPU
		{D01361D2-679C-4ED8-99F7-B09D23754289}.Release|Any CPU.ActiveCfg = Release|Any CPU
		{D01361D2-679C-4ED8-99F7-B09D23754289}.Release|Any CPU.Build.0 = Release|Any CPU
		{D01361D2-679C-4ED8-99F7-B09D23754289}.SingleImage|Any CPU.ActiveCfg = Release|Any CPU
		{D01361D2-679C-4ED8-99F7-B09D23754289}.SingleImage|Any CPU.Build.0 = Release|Any CPU
		{C55984D9-8F82-4D36-97D0-6FEA612D4408}.CD_ROM|Any CPU.ActiveCfg = Release|Any CPU
		{C55984D9-8F82-4D36-97D0-6FEA612D4408}.CD_ROM|Any CPU.Build.0 = Release|Any CPU
		{C55984D9-8F82-4D36-97D0-6FEA612D4408}.Debug|Any CPU.ActiveCfg = Debug|Any CPU
		{C55984D9-8F82-4D36-97D0-6FEA612D4408}.Debug|Any CPU.Build.0 = Debug|Any CPU
		{C55984D9-8F82-4D36-97D0-6FEA612D4408}.DVD-5|Any CPU.ActiveCfg = Debug|Any CPU
		{C55984D9-8F82-4D36-97D0-6FEA612D4408}.DVD-5|Any CPU.Build.0 = Debug|Any CPU
		{C55984D9-8F82-4D36-97D0-6FEA612D4408}.Release|Any CPU.ActiveCfg = Release|Any CPU
		{C55984D9-8F82-4D36-97D0-6FEA612D4408}.Release|Any CPU.Build.0 = Release|Any CPU
		{C55984D9-8F82-4D36-97D0-6FEA612D4408}.SingleImage|Any CPU.ActiveCfg = Release|Any CPU
		{C55984D9-8F82-4D36-97D0-6FEA612D4408}.SingleImage|Any CPU.Build.0 = Release|Any CPU
		{48BA00DF-9237-4883-8489-E803639E4FAF}.CD_ROM|Any CPU.ActiveCfg = Release|Any CPU
		{48BA00DF-9237-4883-8489-E803639E4FAF}.CD_ROM|Any CPU.Build.0 = Release|Any CPU
		{48BA00DF-9237-4883-8489-E803639E4FAF}.Debug|Any CPU.ActiveCfg = Debug|Any CPU
		{48BA00DF-9237-4883-8489-E803639E4FAF}.Debug|Any CPU.Build.0 = Debug|Any CPU
		{48BA00DF-9237-4883-8489-E803639E4FAF}.DVD-5|Any CPU.ActiveCfg = Debug|Any CPU
		{48BA00DF-9237-4883-8489-E803639E4FAF}.DVD-5|Any CPU.Build.0 = Debug|Any CPU
		{48BA00DF-9237-4883-8489-E803639E4FAF}.Release|Any CPU.ActiveCfg = Release|Any CPU
		{48BA00DF-9237-4883-8489-E803639E4FAF}.Release|Any CPU.Build.0 = Release|Any CPU
		{48BA00DF-9237-4883-8489-E803639E4FAF}.SingleImage|Any CPU.ActiveCfg = Release|Any CPU
		{48BA00DF-9237-4883-8489-E803639E4FAF}.SingleImage|Any CPU.Build.0 = Release|Any CPU
		{03A62E1E-31EF-423F-8246-716BE7864932}.CD_ROM|Any CPU.ActiveCfg = Release|Any CPU
		{03A62E1E-31EF-423F-8246-716BE7864932}.CD_ROM|Any CPU.Build.0 = Release|Any CPU
		{03A62E1E-31EF-423F-8246-716BE7864932}.Debug|Any CPU.ActiveCfg = Debug|Any CPU
		{03A62E1E-31EF-423F-8246-716BE7864932}.Debug|Any CPU.Build.0 = Debug|Any CPU
		{03A62E1E-31EF-423F-8246-716BE7864932}.DVD-5|Any CPU.ActiveCfg = Debug|Any CPU
		{03A62E1E-31EF-423F-8246-716BE7864932}.DVD-5|Any CPU.Build.0 = Debug|Any CPU
		{03A62E1E-31EF-423F-8246-716BE7864932}.Release|Any CPU.ActiveCfg = Release|Any CPU
		{03A62E1E-31EF-423F-8246-716BE7864932}.Release|Any CPU.Build.0 = Release|Any CPU
		{03A62E1E-31EF-423F-8246-716BE7864932}.SingleImage|Any CPU.ActiveCfg = Release|Any CPU
		{03A62E1E-31EF-423F-8246-716BE7864932}.SingleImage|Any CPU.Build.0 = Release|Any CPU
		{9174C06C-D4D6-4FA5-B77D-D3CEB3AA3194}.CD_ROM|Any CPU.ActiveCfg = Release|Any CPU
		{9174C06C-D4D6-4FA5-B77D-D3CEB3AA3194}.CD_ROM|Any CPU.Build.0 = Release|Any CPU
		{9174C06C-D4D6-4FA5-B77D-D3CEB3AA3194}.Debug|Any CPU.ActiveCfg = Debug|Any CPU
		{9174C06C-D4D6-4FA5-B77D-D3CEB3AA3194}.Debug|Any CPU.Build.0 = Debug|Any CPU
		{9174C06C-D4D6-4FA5-B77D-D3CEB3AA3194}.DVD-5|Any CPU.ActiveCfg = Debug|Any CPU
		{9174C06C-D4D6-4FA5-B77D-D3CEB3AA3194}.DVD-5|Any CPU.Build.0 = Debug|Any CPU
		{9174C06C-D4D6-4FA5-B77D-D3CEB3AA3194}.Release|Any CPU.ActiveCfg = Release|Any CPU
		{9174C06C-D4D6-4FA5-B77D-D3CEB3AA3194}.Release|Any CPU.Build.0 = Release|Any CPU
		{9174C06C-D4D6-4FA5-B77D-D3CEB3AA3194}.SingleImage|Any CPU.ActiveCfg = Release|Any CPU
		{9174C06C-D4D6-4FA5-B77D-D3CEB3AA3194}.SingleImage|Any CPU.Build.0 = Release|Any CPU
		{556E4A2A-04B9-42C5-8042-689E397293B9}.CD_ROM|Any CPU.ActiveCfg = Release|Any CPU
		{556E4A2A-04B9-42C5-8042-689E397293B9}.CD_ROM|Any CPU.Build.0 = Release|Any CPU
		{556E4A2A-04B9-42C5-8042-689E397293B9}.Debug|Any CPU.ActiveCfg = Debug|Any CPU
		{556E4A2A-04B9-42C5-8042-689E397293B9}.Debug|Any CPU.Build.0 = Debug|Any CPU
		{556E4A2A-04B9-42C5-8042-689E397293B9}.DVD-5|Any CPU.ActiveCfg = Debug|Any CPU
		{556E4A2A-04B9-42C5-8042-689E397293B9}.DVD-5|Any CPU.Build.0 = Debug|Any CPU
		{556E4A2A-04B9-42C5-8042-689E397293B9}.Release|Any CPU.ActiveCfg = Release|Any CPU
		{556E4A2A-04B9-42C5-8042-689E397293B9}.Release|Any CPU.Build.0 = Release|Any CPU
		{556E4A2A-04B9-42C5-8042-689E397293B9}.SingleImage|Any CPU.ActiveCfg = Release|Any CPU
		{556E4A2A-04B9-42C5-8042-689E397293B9}.SingleImage|Any CPU.Build.0 = Release|Any CPU
		{0C952727-8262-460B-A7A8-4D0D27391484}.CD_ROM|Any CPU.ActiveCfg = Release|Any CPU
		{0C952727-8262-460B-A7A8-4D0D27391484}.CD_ROM|Any CPU.Build.0 = Release|Any CPU
		{0C952727-8262-460B-A7A8-4D0D27391484}.Debug|Any CPU.ActiveCfg = Debug|Any CPU
		{0C952727-8262-460B-A7A8-4D0D27391484}.Debug|Any CPU.Build.0 = Debug|Any CPU
		{0C952727-8262-460B-A7A8-4D0D27391484}.DVD-5|Any CPU.ActiveCfg = Debug|Any CPU
		{0C952727-8262-460B-A7A8-4D0D27391484}.DVD-5|Any CPU.Build.0 = Debug|Any CPU
		{0C952727-8262-460B-A7A8-4D0D27391484}.Release|Any CPU.ActiveCfg = Release|Any CPU
		{0C952727-8262-460B-A7A8-4D0D27391484}.Release|Any CPU.Build.0 = Release|Any CPU
		{0C952727-8262-460B-A7A8-4D0D27391484}.SingleImage|Any CPU.ActiveCfg = Release|Any CPU
		{0C952727-8262-460B-A7A8-4D0D27391484}.SingleImage|Any CPU.Build.0 = Release|Any CPU
		{BEE41D1E-EBA8-4D3E-B297-4C1CA6FFF8DB}.CD_ROM|Any CPU.ActiveCfg = Release|Any CPU
		{BEE41D1E-EBA8-4D3E-B297-4C1CA6FFF8DB}.CD_ROM|Any CPU.Build.0 = Release|Any CPU
		{BEE41D1E-EBA8-4D3E-B297-4C1CA6FFF8DB}.Debug|Any CPU.ActiveCfg = Debug|Any CPU
		{BEE41D1E-EBA8-4D3E-B297-4C1CA6FFF8DB}.Debug|Any CPU.Build.0 = Debug|Any CPU
		{BEE41D1E-EBA8-4D3E-B297-4C1CA6FFF8DB}.DVD-5|Any CPU.ActiveCfg = Debug|Any CPU
		{BEE41D1E-EBA8-4D3E-B297-4C1CA6FFF8DB}.DVD-5|Any CPU.Build.0 = Debug|Any CPU
		{BEE41D1E-EBA8-4D3E-B297-4C1CA6FFF8DB}.Release|Any CPU.ActiveCfg = Release|Any CPU
		{BEE41D1E-EBA8-4D3E-B297-4C1CA6FFF8DB}.Release|Any CPU.Build.0 = Release|Any CPU
		{BEE41D1E-EBA8-4D3E-B297-4C1CA6FFF8DB}.SingleImage|Any CPU.ActiveCfg = Release|Any CPU
		{BEE41D1E-EBA8-4D3E-B297-4C1CA6FFF8DB}.SingleImage|Any CPU.Build.0 = Release|Any CPU
		{95CDE461-0720-4C3B-B5E1-D188391FB7C0}.CD_ROM|Any CPU.ActiveCfg = Release|Any CPU
		{95CDE461-0720-4C3B-B5E1-D188391FB7C0}.CD_ROM|Any CPU.Build.0 = Release|Any CPU
		{95CDE461-0720-4C3B-B5E1-D188391FB7C0}.Debug|Any CPU.ActiveCfg = Debug|Any CPU
		{95CDE461-0720-4C3B-B5E1-D188391FB7C0}.Debug|Any CPU.Build.0 = Debug|Any CPU
		{95CDE461-0720-4C3B-B5E1-D188391FB7C0}.DVD-5|Any CPU.ActiveCfg = Debug|Any CPU
		{95CDE461-0720-4C3B-B5E1-D188391FB7C0}.DVD-5|Any CPU.Build.0 = Debug|Any CPU
		{95CDE461-0720-4C3B-B5E1-D188391FB7C0}.Release|Any CPU.ActiveCfg = Release|Any CPU
		{95CDE461-0720-4C3B-B5E1-D188391FB7C0}.Release|Any CPU.Build.0 = Release|Any CPU
		{95CDE461-0720-4C3B-B5E1-D188391FB7C0}.SingleImage|Any CPU.ActiveCfg = Release|Any CPU
		{95CDE461-0720-4C3B-B5E1-D188391FB7C0}.SingleImage|Any CPU.Build.0 = Release|Any CPU
		{2C89F5B5-F51E-4045-B0BC-78E6080EEE76}.CD_ROM|Any CPU.ActiveCfg = Release|Any CPU
		{2C89F5B5-F51E-4045-B0BC-78E6080EEE76}.CD_ROM|Any CPU.Build.0 = Release|Any CPU
		{2C89F5B5-F51E-4045-B0BC-78E6080EEE76}.Debug|Any CPU.ActiveCfg = Debug|Any CPU
		{2C89F5B5-F51E-4045-B0BC-78E6080EEE76}.Debug|Any CPU.Build.0 = Debug|Any CPU
		{2C89F5B5-F51E-4045-B0BC-78E6080EEE76}.DVD-5|Any CPU.ActiveCfg = Debug|Any CPU
		{2C89F5B5-F51E-4045-B0BC-78E6080EEE76}.DVD-5|Any CPU.Build.0 = Debug|Any CPU
		{2C89F5B5-F51E-4045-B0BC-78E6080EEE76}.Release|Any CPU.ActiveCfg = Release|Any CPU
		{2C89F5B5-F51E-4045-B0BC-78E6080EEE76}.Release|Any CPU.Build.0 = Release|Any CPU
		{2C89F5B5-F51E-4045-B0BC-78E6080EEE76}.SingleImage|Any CPU.ActiveCfg = Release|Any CPU
		{2C89F5B5-F51E-4045-B0BC-78E6080EEE76}.SingleImage|Any CPU.Build.0 = Release|Any CPU
		{1A3428C3-B49A-4D4F-A507-88144E12C1DA}.CD_ROM|Any CPU.ActiveCfg = Release|Any CPU
		{1A3428C3-B49A-4D4F-A507-88144E12C1DA}.CD_ROM|Any CPU.Build.0 = Release|Any CPU
		{1A3428C3-B49A-4D4F-A507-88144E12C1DA}.Debug|Any CPU.ActiveCfg = Debug|Any CPU
		{1A3428C3-B49A-4D4F-A507-88144E12C1DA}.Debug|Any CPU.Build.0 = Debug|Any CPU
		{1A3428C3-B49A-4D4F-A507-88144E12C1DA}.DVD-5|Any CPU.ActiveCfg = Debug|Any CPU
		{1A3428C3-B49A-4D4F-A507-88144E12C1DA}.DVD-5|Any CPU.Build.0 = Debug|Any CPU
		{1A3428C3-B49A-4D4F-A507-88144E12C1DA}.Release|Any CPU.ActiveCfg = Release|Any CPU
		{1A3428C3-B49A-4D4F-A507-88144E12C1DA}.Release|Any CPU.Build.0 = Release|Any CPU
		{1A3428C3-B49A-4D4F-A507-88144E12C1DA}.SingleImage|Any CPU.ActiveCfg = Release|Any CPU
		{1A3428C3-B49A-4D4F-A507-88144E12C1DA}.SingleImage|Any CPU.Build.0 = Release|Any CPU
		{BC36EE74-655C-4CA6-8BC4-D6A8E5305F43}.CD_ROM|Any CPU.ActiveCfg = CD_ROM
		{BC36EE74-655C-4CA6-8BC4-D6A8E5305F43}.CD_ROM|Any CPU.Build.0 = CD_ROM
		{BC36EE74-655C-4CA6-8BC4-D6A8E5305F43}.Debug|Any CPU.ActiveCfg = DVD-5
		{BC36EE74-655C-4CA6-8BC4-D6A8E5305F43}.Debug|Any CPU.Build.0 = DVD-5
		{BC36EE74-655C-4CA6-8BC4-D6A8E5305F43}.DVD-5|Any CPU.ActiveCfg = DVD-5
		{BC36EE74-655C-4CA6-8BC4-D6A8E5305F43}.DVD-5|Any CPU.Build.0 = DVD-5
		{BC36EE74-655C-4CA6-8BC4-D6A8E5305F43}.Release|Any CPU.ActiveCfg = SingleImage
		{BC36EE74-655C-4CA6-8BC4-D6A8E5305F43}.Release|Any CPU.Build.0 = SingleImage
		{BC36EE74-655C-4CA6-8BC4-D6A8E5305F43}.SingleImage|Any CPU.ActiveCfg = SingleImage
		{BC36EE74-655C-4CA6-8BC4-D6A8E5305F43}.SingleImage|Any CPU.Build.0 = SingleImage
		{678FF9C7-A42A-4AC0-A708-6FC460A27C7D}.CD_ROM|Any CPU.ActiveCfg = Release|Any CPU
		{678FF9C7-A42A-4AC0-A708-6FC460A27C7D}.CD_ROM|Any CPU.Build.0 = Release|Any CPU
		{678FF9C7-A42A-4AC0-A708-6FC460A27C7D}.Debug|Any CPU.ActiveCfg = Debug|Any CPU
		{678FF9C7-A42A-4AC0-A708-6FC460A27C7D}.Debug|Any CPU.Build.0 = Debug|Any CPU
		{678FF9C7-A42A-4AC0-A708-6FC460A27C7D}.DVD-5|Any CPU.ActiveCfg = Debug|Any CPU
		{678FF9C7-A42A-4AC0-A708-6FC460A27C7D}.DVD-5|Any CPU.Build.0 = Debug|Any CPU
		{678FF9C7-A42A-4AC0-A708-6FC460A27C7D}.Release|Any CPU.ActiveCfg = Release|Any CPU
		{678FF9C7-A42A-4AC0-A708-6FC460A27C7D}.Release|Any CPU.Build.0 = Release|Any CPU
		{678FF9C7-A42A-4AC0-A708-6FC460A27C7D}.SingleImage|Any CPU.ActiveCfg = Release|Any CPU
		{678FF9C7-A42A-4AC0-A708-6FC460A27C7D}.SingleImage|Any CPU.Build.0 = Release|Any CPU
		{D23040B2-B914-4879-8041-A62F1F545A94}.CD_ROM|Any CPU.ActiveCfg = Release|Any CPU
		{D23040B2-B914-4879-8041-A62F1F545A94}.CD_ROM|Any CPU.Build.0 = Release|Any CPU
		{D23040B2-B914-4879-8041-A62F1F545A94}.Debug|Any CPU.ActiveCfg = Debug|Any CPU
		{D23040B2-B914-4879-8041-A62F1F545A94}.Debug|Any CPU.Build.0 = Debug|Any CPU
		{D23040B2-B914-4879-8041-A62F1F545A94}.DVD-5|Any CPU.ActiveCfg = Debug|Any CPU
		{D23040B2-B914-4879-8041-A62F1F545A94}.DVD-5|Any CPU.Build.0 = Debug|Any CPU
		{D23040B2-B914-4879-8041-A62F1F545A94}.Release|Any CPU.ActiveCfg = Release|Any CPU
		{D23040B2-B914-4879-8041-A62F1F545A94}.Release|Any CPU.Build.0 = Release|Any CPU
		{D23040B2-B914-4879-8041-A62F1F545A94}.SingleImage|Any CPU.ActiveCfg = Release|Any CPU
		{D23040B2-B914-4879-8041-A62F1F545A94}.SingleImage|Any CPU.Build.0 = Release|Any CPU
	EndGlobalSection
	GlobalSection(SolutionProperties) = preSolution
		HideSolutionNode = FALSE
	EndGlobalSection
	GlobalSection(ExtensibilityGlobals) = postSolution
		SolutionGuid = {13E91617-611C-4010-9CE3-B0E3308D64BD}
	EndGlobalSection
EndGlobal
